
Microsoft Visual Studio Solution File, Format Version 12.00
# Visual Studio 15
VisualStudioVersion = 15.0.27130.2020
MinimumVisualStudioVersion = 10.0.40219.1
Project("{FAE04EC0-301F-11D3-BF4B-00C04F79EFBC}") = "AngularJsDemo", "AngularJsDemo\AngularJsDemo.csproj", "{2BFF5181-48F2-4C66-9600-0D83099CFE70}"
EndProject
Global
	GlobalSection(SolutionConfigurationPlatforms) = preSolution
		Debug|Any CPU = Debug|Any CPU
		Release|Any CPU = Release|Any CPU
	EndGlobalSection
	GlobalSection(ProjectConfigurationPlatforms) = postSolution
		{2BFF5181-48F2-4C66-9600-0D83099CFE70}.Debug|Any CPU.ActiveCfg = Debug|Any CPU
		{2BFF5181-48F2-4C66-9600-0D83099CFE70}.Debug|Any CPU.Build.0 = Debug|Any CPU
		{2BFF5181-48F2-4C66-9600-0D83099CFE70}.Release|Any CPU.ActiveCfg = Release|Any CPU
		{2BFF5181-48F2-4C66-9600-0D83099CFE70}.Release|Any CPU.Build.0 = Release|Any CPU
	EndGlobalSection
	GlobalSection(SolutionProperties) = preSolution
		HideSolutionNode = FALSE
	EndGlobalSection
	GlobalSection(ExtensibilityGlobals) = postSolution
		SolutionGuid = {6CD87555-1141-47EF-9297-53B27744EF09}
	EndGlobalSection
EndGlobal
